
Microsoft Visual Studio Solution File, Format Version 12.00
Project("{FAE04EC0-301F-11D3-BF4B-00C04F79EFBC}") = "SimpleCluster.Node", "SimpleCluster.Node\SimpleCluster.Node.csproj", "{73586BA4-9B6F-4470-AF2A-B7A3B0F94E2F}"
EndProject
Project("{FAE04EC0-301F-11D3-BF4B-00C04F79EFBC}") = "SimpleCluster.AppHost", "SimpleCluster.AppHost\SimpleCluster.AppHost.csproj", "{77720513-442B-4CF3-A278-827328B69D80}"
EndProject
Project("{2150E333-8FDC-42A3-9474-1A3956D46DE8}") = "Solution Items", "Solution Items", "{4781FC82-B4BD-472B-BFC2-2EBBF52CB763}"
	ProjectSection(SolutionItems) = preProject
		README.md = README.md
	EndProjectSection
EndProject
Global
	GlobalSection(SolutionConfigurationPlatforms) = preSolution
		Debug|Any CPU = Debug|Any CPU
		Release|Any CPU = Release|Any CPU
	EndGlobalSection
	GlobalSection(ProjectConfigurationPlatforms) = postSolution
		{73586BA4-9B6F-4470-AF2A-B7A3B0F94E2F}.Debug|Any CPU.ActiveCfg = Debug|Any CPU
		{73586BA4-9B6F-4470-AF2A-B7A3B0F94E2F}.Debug|Any CPU.Build.0 = Debug|Any CPU
		{73586BA4-9B6F-4470-AF2A-B7A3B0F94E2F}.Release|Any CPU.ActiveCfg = Release|Any CPU
		{73586BA4-9B6F-4470-AF2A-B7A3B0F94E2F}.Release|Any CPU.Build.0 = Release|Any CPU
		{77720513-442B-4CF3-A278-827328B69D80}.Debug|Any CPU.ActiveCfg = Debug|Any CPU
		{77720513-442B-4CF3-A278-827328B69D80}.Debug|Any CPU.Build.0 = Debug|Any CPU
		{77720513-442B-4CF3-A278-827328B69D80}.Release|Any CPU.ActiveCfg = Release|Any CPU
		{77720513-442B-4CF3-A278-827328B69D80}.Release|Any CPU.Build.0 = Release|Any CPU
	EndGlobalSection
EndGlobal
