
Microsoft Visual Studio Solution File, Format Version 12.00
# Visual Studio 2013
VisualStudioVersion = 12.0.30723.0
MinimumVisualStudioVersion = 10.0.40219.1
Project("{2150E333-8FDC-42A3-9474-1A3956D46DE8}") = ".nuget", ".nuget", "{B017E4A8-BD6D-4731-9265-6FD2EAFA0B0C}"
	ProjectSection(SolutionItems) = preProject
		..\tools\nuget\NuGet.Config = ..\tools\nuget\NuGet.Config
		..\tools\nuget\NuGet.exe = ..\tools\nuget\NuGet.exe
		..\tools\nuget\NuGet.targets = ..\tools\nuget\NuGet.targets
	EndProjectSection
EndProject
Global
	GlobalSection(SolutionProperties) = preSolution
		HideSolutionNode = FALSE
	EndGlobalSection
EndGlobal
