
Microsoft Visual Studio Solution File, Format Version 12.00
# Visual Studio 2013
VisualStudioVersion = 12.0.30723.0
MinimumVisualStudioVersion = 10.0.40219.1
Project("{2150E333-8FDC-42A3-9474-1A3956D46DE8}") = ".nuget", ".nuget", "{B017E4A8-BD6D-4731-9265-6FD2EAFA0B0C}"
	ProjectSection(SolutionItems) = preProject
		..\tools\nuget\NuGet.Config = ..\tools\nuget\NuGet.Config
		..\tools\nuget\NuGet.exe = ..\tools\nuget\NuGet.exe
		..\tools\nuget\NuGet.targets = ..\tools\nuget\NuGet.targets
	EndProjectSection
EndProject
Project("{FAE04EC0-301F-11D3-BF4B-00C04F79EFBC}") = "PipeTo.App", "src\PipeTo.App\PipeTo.App.csproj", "{D59F625A-2D7E-491D-AF02-75430F6A4AC4}"
EndProject
Global
	GlobalSection(SolutionConfigurationPlatforms) = preSolution
		Debug|Any CPU = Debug|Any CPU
		Release|Any CPU = Release|Any CPU
	EndGlobalSection
	GlobalSection(ProjectConfigurationPlatforms) = postSolution
		{D59F625A-2D7E-491D-AF02-75430F6A4AC4}.Debug|Any CPU.ActiveCfg = Debug|Any CPU
		{D59F625A-2D7E-491D-AF02-75430F6A4AC4}.Debug|Any CPU.Build.0 = Debug|Any CPU
		{D59F625A-2D7E-491D-AF02-75430F6A4AC4}.Release|Any CPU.ActiveCfg = Release|Any CPU
		{D59F625A-2D7E-491D-AF02-75430F6A4AC4}.Release|Any CPU.Build.0 = Release|Any CPU
	EndGlobalSection
	GlobalSection(SolutionProperties) = preSolution
		HideSolutionNode = FALSE
	EndGlobalSection
EndGlobal
